
Microsoft Visual Studio Solution File, Format Version 12.00
# Visual Studio Version 16
VisualStudioVersion = 16.0.30104.148
MinimumVisualStudioVersion = 10.0.40219.1
Project("{8BC9CEB8-8B4A-11D0-8D11-00A0C91BC942}") = "AutoTOCasi", "AutoTOC-asi.vcxproj", "{D72183F9-2733-4513-9E77-D7177754D039}"
EndProject
Global
	GlobalSection(SolutionConfigurationPlatforms) = preSolution
		Debug|LE = Debug|LE
		Debug|ME3 = Debug|ME3
		EXE|LE = EXE|LE
		EXE|ME3 = EXE|ME3
		Release|LE = Release|LE
		Release|ME3 = Release|ME3
	EndGlobalSection
	GlobalSection(ProjectConfigurationPlatforms) = postSolution
		{D72183F9-2733-4513-9E77-D7177754D039}.Debug|LE.ActiveCfg = Debug|x64
		{D72183F9-2733-4513-9E77-D7177754D039}.Debug|LE.Build.0 = Debug|x64
		{D72183F9-2733-4513-9E77-D7177754D039}.Debug|ME3.ActiveCfg = Debug|Win32
		{D72183F9-2733-4513-9E77-D7177754D039}.Debug|ME3.Build.0 = Debug|Win32
		{D72183F9-2733-4513-9E77-D7177754D039}.EXE|LE.ActiveCfg = EXE|x64
		{D72183F9-2733-4513-9E77-D7177754D039}.EXE|LE.Build.0 = EXE|x64
		{D72183F9-2733-4513-9E77-D7177754D039}.EXE|ME3.ActiveCfg = EXE|Win32
		{D72183F9-2733-4513-9E77-D7177754D039}.EXE|ME3.Build.0 = EXE|Win32
		{D72183F9-2733-4513-9E77-D7177754D039}.Release|LE.ActiveCfg = Release|x64
		{D72183F9-2733-4513-9E77-D7177754D039}.Release|LE.Build.0 = Release|x64
		{D72183F9-2733-4513-9E77-D7177754D039}.Release|ME3.ActiveCfg = Release|Win32
		{D72183F9-2733-4513-9E77-D7177754D039}.Release|ME3.Build.0 = Release|Win32
	EndGlobalSection
	GlobalSection(SolutionProperties) = preSolution
		HideSolutionNode = FALSE
	EndGlobalSection
	GlobalSection(ExtensibilityGlobals) = postSolution
		SolutionGuid = {A32449A4-61A0-4307-A981-EAD5AA0562D9}
	EndGlobalSection
EndGlobal
